
Microsoft Visual Studio Solution File, Format Version 12.00
# Visual Studio 15
VisualStudioVersion = 15.0.26730.12
MinimumVisualStudioVersion = 10.0.40219.1
Project("{9A19103F-16F7-4668-BE54-9A1E7A4F7556}") = "SampleClient_2017", "Client\SampleClient\SampleClient_2017.csproj", "{6CDD2586-673C-4749-A011-6423CBE278F7}"
EndProject
Project("{9A19103F-16F7-4668-BE54-9A1E7A4F7556}") = "SampleServer_2017", "Server\SampleServer\SampleServer_2017.csproj", "{14503C8B-C337-45BE-B61B-24975CE520DC}"
EndProject
Global
	GlobalSection(SolutionConfigurationPlatforms) = preSolution
		Debug|Any CPU = Debug|Any CPU
		Release|Any CPU = Release|Any CPU
	EndGlobalSection
	GlobalSection(ProjectConfigurationPlatforms) = postSolution
		{6CDD2586-673C-4749-A011-6423CBE278F7}.Debug|Any CPU.ActiveCfg = Debug|Any CPU
		{6CDD2586-673C-4749-A011-6423CBE278F7}.Debug|Any CPU.Build.0 = Debug|Any CPU
		{6CDD2586-673C-4749-A011-6423CBE278F7}.Release|Any CPU.ActiveCfg = Release|Any CPU
		{6CDD2586-673C-4749-A011-6423CBE278F7}.Release|Any CPU.Build.0 = Release|Any CPU
		{14503C8B-C337-45BE-B61B-24975CE520DC}.Debug|Any CPU.ActiveCfg = Debug|Any CPU
		{14503C8B-C337-45BE-B61B-24975CE520DC}.Debug|Any CPU.Build.0 = Debug|Any CPU
		{14503C8B-C337-45BE-B61B-24975CE520DC}.Release|Any CPU.ActiveCfg = Release|Any CPU
		{14503C8B-C337-45BE-B61B-24975CE520DC}.Release|Any CPU.Build.0 = Release|Any CPU
	EndGlobalSection
	GlobalSection(SolutionProperties) = preSolution
		HideSolutionNode = FALSE
	EndGlobalSection
	GlobalSection(ExtensibilityGlobals) = postSolution
		SolutionGuid = {EA0066B1-F77D-4788-B7D2-C3F76616CBB6}
	EndGlobalSection
EndGlobal
