
Microsoft Visual Studio Solution File, Format Version 12.00
# Visual Studio 15
VisualStudioVersion = 15.0.27130.2036
MinimumVisualStudioVersion = 10.0.40219.1
Project("{9A19103F-16F7-4668-BE54-9A1E7A4F7556}") = "SampleClient_2017", "Client\SampleClient\SampleClient_2017.csproj", "{6CDD2586-673C-4749-A011-6423CBE278F7}"
EndProject
Project("{9A19103F-16F7-4668-BE54-9A1E7A4F7556}") = "SampleServer_2017", "Server\SampleServer\SampleServer_2017.csproj", "{14503C8B-C337-45BE-B61B-24975CE520DC}"
EndProject
Project("{2150E333-8FDC-42A3-9474-1A3956D46DE8}") = "SDK", "SDK", "{E3A51740-C1AE-4355-B4FA-61535D1D5019}"
EndProject
Project("{9A19103F-16F7-4668-BE54-9A1E7A4F7556}") = "Opc.Ua.Core", "..\..\git\UA-.NETStandardLibrary\Stack\Opc.Ua.Core\Opc.Ua.Core.csproj", "{B5D6A077-3D35-46D2-AA8D-4B18D4151ED7}"
EndProject
Project("{9A19103F-16F7-4668-BE54-9A1E7A4F7556}") = "Opc.Ua.Client", "..\..\git\UA-.NETStandardLibrary\SampleApplications\SDK\Opc.Ua.Client\Opc.Ua.Client.csproj", "{7C10FF85-13F8-4CDE-8FC5-1A1DC1DCA836}"
EndProject
Project("{9A19103F-16F7-4668-BE54-9A1E7A4F7556}") = "Opc.Ua.Configuration", "..\..\git\UA-.NETStandardLibrary\SampleApplications\SDK\Opc.Ua.Configuration\Opc.Ua.Configuration.csproj", "{A1D34353-7AE4-4A6D-B14A-961A15A02F43}"
EndProject
Project("{9A19103F-16F7-4668-BE54-9A1E7A4F7556}") = "Opc.Ua.Server", "..\..\git\UA-.NETStandardLibrary\SampleApplications\SDK\Opc.Ua.Server\Opc.Ua.Server.csproj", "{738729FB-9168-478D-BCC2-8A382B3B031D}"
EndProject
Project("{9A19103F-16F7-4668-BE54-9A1E7A4F7556}") = "Softing.Opc.Ua_2017", "..\Toolkit\Softing.Opc.Ua_2017.csproj", "{C3D90ABA-BF72-46D2-A879-CF7F589919D3}"
EndProject
Project("{2150E333-8FDC-42A3-9474-1A3956D46DE8}") = "Xamarin", "Xamarin", "{8323021A-422C-45E5-85C2-405E73FA335B}"
EndProject
Project("{2150E333-8FDC-42A3-9474-1A3956D46DE8}") = "Server", "Server", "{60EDDF23-3603-4382-8FD7-23868C173468}"
EndProject
Project("{2150E333-8FDC-42A3-9474-1A3956D46DE8}") = "Client", "Client", "{CEC2EC87-2B37-448F-AF20-016D4CFCBCFB}"
EndProject
Project("{D954291E-2A0B-460D-934E-DC6B0785DB48}") = "SampleClientXamarin", "Client\SampleClientXamarin\SampleClientXamarin\SampleClientXamarin.shproj", "{4D08C07A-27EE-47A3-805A-670FB8B70706}"
EndProject
Project("{FAE04EC0-301F-11D3-BF4B-00C04F79EFBC}") = "SampleClientXamarin.Android", "Client\SampleClientXamarin\SampleClientXamarin.Android\SampleClientXamarin.Android.csproj", "{06C3292E-D987-4D25-AA19-9E90FA39DC3A}"
EndProject
Project("{D954291E-2A0B-460D-934E-DC6B0785DB48}") = "XamarinSampleServer", "Server\XamarinSampleServer\XamarinSampleServer\XamarinSampleServer.shproj", "{4D08C07A-27EE-47A3-805A-670FB8B70708}"
EndProject
Project("{FAE04EC0-301F-11D3-BF4B-00C04F79EFBC}") = "XamarinSampleServer.Android", "Server\XamarinSampleServer\XamarinSampleServer.Android\XamarinSampleServer.Android.csproj", "{EF9B1799-66C2-4243-867A-BE0A7491147E}"
EndProject
Global
	GlobalSection(SharedMSBuildProjectFiles) = preSolution
		Client\SampleClientXamarin\SampleClientXamarin\SampleClientXamarin.projitems*{06c3292e-d987-4d25-aa19-9e90fa39dc3a}*SharedItemsImports = 4
		Client\SampleClientXamarin\SampleClientXamarin\SampleClientXamarin.projitems*{4d08c07a-27ee-47a3-805a-670fb8b70706}*SharedItemsImports = 13
		Server\XamarinSampleServer\XamarinSampleServer\XamarinSampleServer.projitems*{4d08c07a-27ee-47a3-805a-670fb8b70708}*SharedItemsImports = 13
		Server\XamarinSampleServer\XamarinSampleServer\XamarinSampleServer.projitems*{ef9b1799-66c2-4243-867a-be0a7491147e}*SharedItemsImports = 4
	EndGlobalSection
	GlobalSection(SolutionConfigurationPlatforms) = preSolution
		Ad-Hoc|Any CPU = Ad-Hoc|Any CPU
		Ad-Hoc|ARM = Ad-Hoc|ARM
		Ad-Hoc|iPhone = Ad-Hoc|iPhone
		Ad-Hoc|iPhoneSimulator = Ad-Hoc|iPhoneSimulator
		Ad-Hoc|x64 = Ad-Hoc|x64
		Ad-Hoc|x86 = Ad-Hoc|x86
		AppStore|Any CPU = AppStore|Any CPU
		AppStore|ARM = AppStore|ARM
		AppStore|iPhone = AppStore|iPhone
		AppStore|iPhoneSimulator = AppStore|iPhoneSimulator
		AppStore|x64 = AppStore|x64
		AppStore|x86 = AppStore|x86
		Debug|Any CPU = Debug|Any CPU
		Debug|ARM = Debug|ARM
		Debug|iPhone = Debug|iPhone
		Debug|iPhoneSimulator = Debug|iPhoneSimulator
		Debug|x64 = Debug|x64
		Debug|x86 = Debug|x86
		Release|Any CPU = Release|Any CPU
		Release|ARM = Release|ARM
		Release|iPhone = Release|iPhone
		Release|iPhoneSimulator = Release|iPhoneSimulator
		Release|x64 = Release|x64
		Release|x86 = Release|x86
	EndGlobalSection
	GlobalSection(ProjectConfigurationPlatforms) = postSolution
		{6CDD2586-673C-4749-A011-6423CBE278F7}.Ad-Hoc|Any CPU.ActiveCfg = Release|Any CPU
		{6CDD2586-673C-4749-A011-6423CBE278F7}.Ad-Hoc|Any CPU.Build.0 = Release|Any CPU
		{6CDD2586-673C-4749-A011-6423CBE278F7}.Ad-Hoc|ARM.ActiveCfg = Release|Any CPU
		{6CDD2586-673C-4749-A011-6423CBE278F7}.Ad-Hoc|ARM.Build.0 = Release|Any CPU
		{6CDD2586-673C-4749-A011-6423CBE278F7}.Ad-Hoc|iPhone.ActiveCfg = Release|Any CPU
		{6CDD2586-673C-4749-A011-6423CBE278F7}.Ad-Hoc|iPhone.Build.0 = Release|Any CPU
		{6CDD2586-673C-4749-A011-6423CBE278F7}.Ad-Hoc|iPhoneSimulator.ActiveCfg = Release|Any CPU
		{6CDD2586-673C-4749-A011-6423CBE278F7}.Ad-Hoc|iPhoneSimulator.Build.0 = Release|Any CPU
		{6CDD2586-673C-4749-A011-6423CBE278F7}.Ad-Hoc|x64.ActiveCfg = Release|Any CPU
		{6CDD2586-673C-4749-A011-6423CBE278F7}.Ad-Hoc|x64.Build.0 = Release|Any CPU
		{6CDD2586-673C-4749-A011-6423CBE278F7}.Ad-Hoc|x86.ActiveCfg = Release|Any CPU
		{6CDD2586-673C-4749-A011-6423CBE278F7}.Ad-Hoc|x86.Build.0 = Release|Any CPU
		{6CDD2586-673C-4749-A011-6423CBE278F7}.AppStore|Any CPU.ActiveCfg = Release|Any CPU
		{6CDD2586-673C-4749-A011-6423CBE278F7}.AppStore|Any CPU.Build.0 = Release|Any CPU
		{6CDD2586-673C-4749-A011-6423CBE278F7}.AppStore|ARM.ActiveCfg = Release|Any CPU
		{6CDD2586-673C-4749-A011-6423CBE278F7}.AppStore|ARM.Build.0 = Release|Any CPU
		{6CDD2586-673C-4749-A011-6423CBE278F7}.AppStore|iPhone.ActiveCfg = Release|Any CPU
		{6CDD2586-673C-4749-A011-6423CBE278F7}.AppStore|iPhone.Build.0 = Release|Any CPU
		{6CDD2586-673C-4749-A011-6423CBE278F7}.AppStore|iPhoneSimulator.ActiveCfg = Release|Any CPU
		{6CDD2586-673C-4749-A011-6423CBE278F7}.AppStore|iPhoneSimulator.Build.0 = Release|Any CPU
		{6CDD2586-673C-4749-A011-6423CBE278F7}.AppStore|x64.ActiveCfg = Release|Any CPU
		{6CDD2586-673C-4749-A011-6423CBE278F7}.AppStore|x64.Build.0 = Release|Any CPU
		{6CDD2586-673C-4749-A011-6423CBE278F7}.AppStore|x86.ActiveCfg = Release|Any CPU
		{6CDD2586-673C-4749-A011-6423CBE278F7}.AppStore|x86.Build.0 = Release|Any CPU
		{6CDD2586-673C-4749-A011-6423CBE278F7}.Debug|Any CPU.ActiveCfg = Debug|Any CPU
		{6CDD2586-673C-4749-A011-6423CBE278F7}.Debug|Any CPU.Build.0 = Debug|Any CPU
		{6CDD2586-673C-4749-A011-6423CBE278F7}.Debug|ARM.ActiveCfg = Debug|Any CPU
		{6CDD2586-673C-4749-A011-6423CBE278F7}.Debug|ARM.Build.0 = Debug|Any CPU
		{6CDD2586-673C-4749-A011-6423CBE278F7}.Debug|iPhone.ActiveCfg = Debug|Any CPU
		{6CDD2586-673C-4749-A011-6423CBE278F7}.Debug|iPhone.Build.0 = Debug|Any CPU
		{6CDD2586-673C-4749-A011-6423CBE278F7}.Debug|iPhoneSimulator.ActiveCfg = Debug|Any CPU
		{6CDD2586-673C-4749-A011-6423CBE278F7}.Debug|iPhoneSimulator.Build.0 = Debug|Any CPU
		{6CDD2586-673C-4749-A011-6423CBE278F7}.Debug|x64.ActiveCfg = Debug|Any CPU
		{6CDD2586-673C-4749-A011-6423CBE278F7}.Debug|x64.Build.0 = Debug|Any CPU
		{6CDD2586-673C-4749-A011-6423CBE278F7}.Debug|x86.ActiveCfg = Debug|Any CPU
		{6CDD2586-673C-4749-A011-6423CBE278F7}.Debug|x86.Build.0 = Debug|Any CPU
		{6CDD2586-673C-4749-A011-6423CBE278F7}.Release|Any CPU.ActiveCfg = Release|Any CPU
		{6CDD2586-673C-4749-A011-6423CBE278F7}.Release|Any CPU.Build.0 = Release|Any CPU
		{6CDD2586-673C-4749-A011-6423CBE278F7}.Release|ARM.ActiveCfg = Release|Any CPU
		{6CDD2586-673C-4749-A011-6423CBE278F7}.Release|ARM.Build.0 = Release|Any CPU
		{6CDD2586-673C-4749-A011-6423CBE278F7}.Release|iPhone.ActiveCfg = Release|Any CPU
		{6CDD2586-673C-4749-A011-6423CBE278F7}.Release|iPhone.Build.0 = Release|Any CPU
		{6CDD2586-673C-4749-A011-6423CBE278F7}.Release|iPhoneSimulator.ActiveCfg = Release|Any CPU
		{6CDD2586-673C-4749-A011-6423CBE278F7}.Release|iPhoneSimulator.Build.0 = Release|Any CPU
		{6CDD2586-673C-4749-A011-6423CBE278F7}.Release|x64.ActiveCfg = Release|Any CPU
		{6CDD2586-673C-4749-A011-6423CBE278F7}.Release|x64.Build.0 = Release|Any CPU
		{6CDD2586-673C-4749-A011-6423CBE278F7}.Release|x86.ActiveCfg = Release|Any CPU
		{6CDD2586-673C-4749-A011-6423CBE278F7}.Release|x86.Build.0 = Release|Any CPU
		{14503C8B-C337-45BE-B61B-24975CE520DC}.Ad-Hoc|Any CPU.ActiveCfg = Release|Any CPU
		{14503C8B-C337-45BE-B61B-24975CE520DC}.Ad-Hoc|Any CPU.Build.0 = Release|Any CPU
		{14503C8B-C337-45BE-B61B-24975CE520DC}.Ad-Hoc|ARM.ActiveCfg = Release|Any CPU
		{14503C8B-C337-45BE-B61B-24975CE520DC}.Ad-Hoc|ARM.Build.0 = Release|Any CPU
		{14503C8B-C337-45BE-B61B-24975CE520DC}.Ad-Hoc|iPhone.ActiveCfg = Release|Any CPU
		{14503C8B-C337-45BE-B61B-24975CE520DC}.Ad-Hoc|iPhone.Build.0 = Release|Any CPU
		{14503C8B-C337-45BE-B61B-24975CE520DC}.Ad-Hoc|iPhoneSimulator.ActiveCfg = Release|Any CPU
		{14503C8B-C337-45BE-B61B-24975CE520DC}.Ad-Hoc|iPhoneSimulator.Build.0 = Release|Any CPU
		{14503C8B-C337-45BE-B61B-24975CE520DC}.Ad-Hoc|x64.ActiveCfg = Release|Any CPU
		{14503C8B-C337-45BE-B61B-24975CE520DC}.Ad-Hoc|x64.Build.0 = Release|Any CPU
		{14503C8B-C337-45BE-B61B-24975CE520DC}.Ad-Hoc|x86.ActiveCfg = Release|Any CPU
		{14503C8B-C337-45BE-B61B-24975CE520DC}.Ad-Hoc|x86.Build.0 = Release|Any CPU
		{14503C8B-C337-45BE-B61B-24975CE520DC}.AppStore|Any CPU.ActiveCfg = Release|Any CPU
		{14503C8B-C337-45BE-B61B-24975CE520DC}.AppStore|Any CPU.Build.0 = Release|Any CPU
		{14503C8B-C337-45BE-B61B-24975CE520DC}.AppStore|ARM.ActiveCfg = Release|Any CPU
		{14503C8B-C337-45BE-B61B-24975CE520DC}.AppStore|ARM.Build.0 = Release|Any CPU
		{14503C8B-C337-45BE-B61B-24975CE520DC}.AppStore|iPhone.ActiveCfg = Release|Any CPU
		{14503C8B-C337-45BE-B61B-24975CE520DC}.AppStore|iPhone.Build.0 = Release|Any CPU
		{14503C8B-C337-45BE-B61B-24975CE520DC}.AppStore|iPhoneSimulator.ActiveCfg = Release|Any CPU
		{14503C8B-C337-45BE-B61B-24975CE520DC}.AppStore|iPhoneSimulator.Build.0 = Release|Any CPU
		{14503C8B-C337-45BE-B61B-24975CE520DC}.AppStore|x64.ActiveCfg = Release|Any CPU
		{14503C8B-C337-45BE-B61B-24975CE520DC}.AppStore|x64.Build.0 = Release|Any CPU
		{14503C8B-C337-45BE-B61B-24975CE520DC}.AppStore|x86.ActiveCfg = Release|Any CPU
		{14503C8B-C337-45BE-B61B-24975CE520DC}.AppStore|x86.Build.0 = Release|Any CPU
		{14503C8B-C337-45BE-B61B-24975CE520DC}.Debug|Any CPU.ActiveCfg = Debug|Any CPU
		{14503C8B-C337-45BE-B61B-24975CE520DC}.Debug|Any CPU.Build.0 = Debug|Any CPU
		{14503C8B-C337-45BE-B61B-24975CE520DC}.Debug|ARM.ActiveCfg = Debug|Any CPU
		{14503C8B-C337-45BE-B61B-24975CE520DC}.Debug|ARM.Build.0 = Debug|Any CPU
		{14503C8B-C337-45BE-B61B-24975CE520DC}.Debug|iPhone.ActiveCfg = Debug|Any CPU
		{14503C8B-C337-45BE-B61B-24975CE520DC}.Debug|iPhone.Build.0 = Debug|Any CPU
		{14503C8B-C337-45BE-B61B-24975CE520DC}.Debug|iPhoneSimulator.ActiveCfg = Debug|Any CPU
		{14503C8B-C337-45BE-B61B-24975CE520DC}.Debug|iPhoneSimulator.Build.0 = Debug|Any CPU
		{14503C8B-C337-45BE-B61B-24975CE520DC}.Debug|x64.ActiveCfg = Debug|Any CPU
		{14503C8B-C337-45BE-B61B-24975CE520DC}.Debug|x64.Build.0 = Debug|Any CPU
		{14503C8B-C337-45BE-B61B-24975CE520DC}.Debug|x86.ActiveCfg = Debug|Any CPU
		{14503C8B-C337-45BE-B61B-24975CE520DC}.Debug|x86.Build.0 = Debug|Any CPU
		{14503C8B-C337-45BE-B61B-24975CE520DC}.Release|Any CPU.ActiveCfg = Release|Any CPU
		{14503C8B-C337-45BE-B61B-24975CE520DC}.Release|Any CPU.Build.0 = Release|Any CPU
		{14503C8B-C337-45BE-B61B-24975CE520DC}.Release|ARM.ActiveCfg = Release|Any CPU
		{14503C8B-C337-45BE-B61B-24975CE520DC}.Release|ARM.Build.0 = Release|Any CPU
		{14503C8B-C337-45BE-B61B-24975CE520DC}.Release|iPhone.ActiveCfg = Release|Any CPU
		{14503C8B-C337-45BE-B61B-24975CE520DC}.Release|iPhone.Build.0 = Release|Any CPU
		{14503C8B-C337-45BE-B61B-24975CE520DC}.Release|iPhoneSimulator.ActiveCfg = Release|Any CPU
		{14503C8B-C337-45BE-B61B-24975CE520DC}.Release|iPhoneSimulator.Build.0 = Release|Any CPU
		{14503C8B-C337-45BE-B61B-24975CE520DC}.Release|x64.ActiveCfg = Release|Any CPU
		{14503C8B-C337-45BE-B61B-24975CE520DC}.Release|x64.Build.0 = Release|Any CPU
		{14503C8B-C337-45BE-B61B-24975CE520DC}.Release|x86.ActiveCfg = Release|Any CPU
		{14503C8B-C337-45BE-B61B-24975CE520DC}.Release|x86.Build.0 = Release|Any CPU
		{B5D6A077-3D35-46D2-AA8D-4B18D4151ED7}.Ad-Hoc|Any CPU.ActiveCfg = Release|Any CPU
		{B5D6A077-3D35-46D2-AA8D-4B18D4151ED7}.Ad-Hoc|Any CPU.Build.0 = Release|Any CPU
		{B5D6A077-3D35-46D2-AA8D-4B18D4151ED7}.Ad-Hoc|ARM.ActiveCfg = Release|Any CPU
		{B5D6A077-3D35-46D2-AA8D-4B18D4151ED7}.Ad-Hoc|ARM.Build.0 = Release|Any CPU
		{B5D6A077-3D35-46D2-AA8D-4B18D4151ED7}.Ad-Hoc|iPhone.ActiveCfg = Release|Any CPU
		{B5D6A077-3D35-46D2-AA8D-4B18D4151ED7}.Ad-Hoc|iPhone.Build.0 = Release|Any CPU
		{B5D6A077-3D35-46D2-AA8D-4B18D4151ED7}.Ad-Hoc|iPhoneSimulator.ActiveCfg = Release|Any CPU
		{B5D6A077-3D35-46D2-AA8D-4B18D4151ED7}.Ad-Hoc|iPhoneSimulator.Build.0 = Release|Any CPU
		{B5D6A077-3D35-46D2-AA8D-4B18D4151ED7}.Ad-Hoc|x64.ActiveCfg = Release|Any CPU
		{B5D6A077-3D35-46D2-AA8D-4B18D4151ED7}.Ad-Hoc|x64.Build.0 = Release|Any CPU
		{B5D6A077-3D35-46D2-AA8D-4B18D4151ED7}.Ad-Hoc|x86.ActiveCfg = Release|Any CPU
		{B5D6A077-3D35-46D2-AA8D-4B18D4151ED7}.Ad-Hoc|x86.Build.0 = Release|Any CPU
		{B5D6A077-3D35-46D2-AA8D-4B18D4151ED7}.AppStore|Any CPU.ActiveCfg = Release|Any CPU
		{B5D6A077-3D35-46D2-AA8D-4B18D4151ED7}.AppStore|Any CPU.Build.0 = Release|Any CPU
		{B5D6A077-3D35-46D2-AA8D-4B18D4151ED7}.AppStore|ARM.ActiveCfg = Release|Any CPU
		{B5D6A077-3D35-46D2-AA8D-4B18D4151ED7}.AppStore|ARM.Build.0 = Release|Any CPU
		{B5D6A077-3D35-46D2-AA8D-4B18D4151ED7}.AppStore|iPhone.ActiveCfg = Release|Any CPU
		{B5D6A077-3D35-46D2-AA8D-4B18D4151ED7}.AppStore|iPhone.Build.0 = Release|Any CPU
		{B5D6A077-3D35-46D2-AA8D-4B18D4151ED7}.AppStore|iPhoneSimulator.ActiveCfg = Release|Any CPU
		{B5D6A077-3D35-46D2-AA8D-4B18D4151ED7}.AppStore|iPhoneSimulator.Build.0 = Release|Any CPU
		{B5D6A077-3D35-46D2-AA8D-4B18D4151ED7}.AppStore|x64.ActiveCfg = Release|Any CPU
		{B5D6A077-3D35-46D2-AA8D-4B18D4151ED7}.AppStore|x64.Build.0 = Release|Any CPU
		{B5D6A077-3D35-46D2-AA8D-4B18D4151ED7}.AppStore|x86.ActiveCfg = Release|Any CPU
		{B5D6A077-3D35-46D2-AA8D-4B18D4151ED7}.AppStore|x86.Build.0 = Release|Any CPU
		{B5D6A077-3D35-46D2-AA8D-4B18D4151ED7}.Debug|Any CPU.ActiveCfg = Debug|Any CPU
		{B5D6A077-3D35-46D2-AA8D-4B18D4151ED7}.Debug|Any CPU.Build.0 = Debug|Any CPU
		{B5D6A077-3D35-46D2-AA8D-4B18D4151ED7}.Debug|ARM.ActiveCfg = Debug|Any CPU
		{B5D6A077-3D35-46D2-AA8D-4B18D4151ED7}.Debug|ARM.Build.0 = Debug|Any CPU
		{B5D6A077-3D35-46D2-AA8D-4B18D4151ED7}.Debug|iPhone.ActiveCfg = Debug|Any CPU
		{B5D6A077-3D35-46D2-AA8D-4B18D4151ED7}.Debug|iPhone.Build.0 = Debug|Any CPU
		{B5D6A077-3D35-46D2-AA8D-4B18D4151ED7}.Debug|iPhoneSimulator.ActiveCfg = Debug|Any CPU
		{B5D6A077-3D35-46D2-AA8D-4B18D4151ED7}.Debug|iPhoneSimulator.Build.0 = Debug|Any CPU
		{B5D6A077-3D35-46D2-AA8D-4B18D4151ED7}.Debug|x64.ActiveCfg = Debug|Any CPU
		{B5D6A077-3D35-46D2-AA8D-4B18D4151ED7}.Debug|x64.Build.0 = Debug|Any CPU
		{B5D6A077-3D35-46D2-AA8D-4B18D4151ED7}.Debug|x86.ActiveCfg = Debug|Any CPU
		{B5D6A077-3D35-46D2-AA8D-4B18D4151ED7}.Debug|x86.Build.0 = Debug|Any CPU
		{B5D6A077-3D35-46D2-AA8D-4B18D4151ED7}.Release|Any CPU.ActiveCfg = Release|Any CPU
		{B5D6A077-3D35-46D2-AA8D-4B18D4151ED7}.Release|Any CPU.Build.0 = Release|Any CPU
		{B5D6A077-3D35-46D2-AA8D-4B18D4151ED7}.Release|ARM.ActiveCfg = Release|Any CPU
		{B5D6A077-3D35-46D2-AA8D-4B18D4151ED7}.Release|ARM.Build.0 = Release|Any CPU
		{B5D6A077-3D35-46D2-AA8D-4B18D4151ED7}.Release|iPhone.ActiveCfg = Release|Any CPU
		{B5D6A077-3D35-46D2-AA8D-4B18D4151ED7}.Release|iPhone.Build.0 = Release|Any CPU
		{B5D6A077-3D35-46D2-AA8D-4B18D4151ED7}.Release|iPhoneSimulator.ActiveCfg = Release|Any CPU
		{B5D6A077-3D35-46D2-AA8D-4B18D4151ED7}.Release|iPhoneSimulator.Build.0 = Release|Any CPU
		{B5D6A077-3D35-46D2-AA8D-4B18D4151ED7}.Release|x64.ActiveCfg = Release|Any CPU
		{B5D6A077-3D35-46D2-AA8D-4B18D4151ED7}.Release|x64.Build.0 = Release|Any CPU
		{B5D6A077-3D35-46D2-AA8D-4B18D4151ED7}.Release|x86.ActiveCfg = Release|Any CPU
		{B5D6A077-3D35-46D2-AA8D-4B18D4151ED7}.Release|x86.Build.0 = Release|Any CPU
		{7C10FF85-13F8-4CDE-8FC5-1A1DC1DCA836}.Ad-Hoc|Any CPU.ActiveCfg = Release|Any CPU
		{7C10FF85-13F8-4CDE-8FC5-1A1DC1DCA836}.Ad-Hoc|Any CPU.Build.0 = Release|Any CPU
		{7C10FF85-13F8-4CDE-8FC5-1A1DC1DCA836}.Ad-Hoc|ARM.ActiveCfg = Release|Any CPU
		{7C10FF85-13F8-4CDE-8FC5-1A1DC1DCA836}.Ad-Hoc|ARM.Build.0 = Release|Any CPU
		{7C10FF85-13F8-4CDE-8FC5-1A1DC1DCA836}.Ad-Hoc|iPhone.ActiveCfg = Release|Any CPU
		{7C10FF85-13F8-4CDE-8FC5-1A1DC1DCA836}.Ad-Hoc|iPhone.Build.0 = Release|Any CPU
		{7C10FF85-13F8-4CDE-8FC5-1A1DC1DCA836}.Ad-Hoc|iPhoneSimulator.ActiveCfg = Release|Any CPU
		{7C10FF85-13F8-4CDE-8FC5-1A1DC1DCA836}.Ad-Hoc|iPhoneSimulator.Build.0 = Release|Any CPU
		{7C10FF85-13F8-4CDE-8FC5-1A1DC1DCA836}.Ad-Hoc|x64.ActiveCfg = Release|Any CPU
		{7C10FF85-13F8-4CDE-8FC5-1A1DC1DCA836}.Ad-Hoc|x64.Build.0 = Release|Any CPU
		{7C10FF85-13F8-4CDE-8FC5-1A1DC1DCA836}.Ad-Hoc|x86.ActiveCfg = Release|Any CPU
		{7C10FF85-13F8-4CDE-8FC5-1A1DC1DCA836}.Ad-Hoc|x86.Build.0 = Release|Any CPU
		{7C10FF85-13F8-4CDE-8FC5-1A1DC1DCA836}.AppStore|Any CPU.ActiveCfg = Release|Any CPU
		{7C10FF85-13F8-4CDE-8FC5-1A1DC1DCA836}.AppStore|Any CPU.Build.0 = Release|Any CPU
		{7C10FF85-13F8-4CDE-8FC5-1A1DC1DCA836}.AppStore|ARM.ActiveCfg = Release|Any CPU
		{7C10FF85-13F8-4CDE-8FC5-1A1DC1DCA836}.AppStore|ARM.Build.0 = Release|Any CPU
		{7C10FF85-13F8-4CDE-8FC5-1A1DC1DCA836}.AppStore|iPhone.ActiveCfg = Release|Any CPU
		{7C10FF85-13F8-4CDE-8FC5-1A1DC1DCA836}.AppStore|iPhone.Build.0 = Release|Any CPU
		{7C10FF85-13F8-4CDE-8FC5-1A1DC1DCA836}.AppStore|iPhoneSimulator.ActiveCfg = Release|Any CPU
		{7C10FF85-13F8-4CDE-8FC5-1A1DC1DCA836}.AppStore|iPhoneSimulator.Build.0 = Release|Any CPU
		{7C10FF85-13F8-4CDE-8FC5-1A1DC1DCA836}.AppStore|x64.ActiveCfg = Release|Any CPU
		{7C10FF85-13F8-4CDE-8FC5-1A1DC1DCA836}.AppStore|x64.Build.0 = Release|Any CPU
		{7C10FF85-13F8-4CDE-8FC5-1A1DC1DCA836}.AppStore|x86.ActiveCfg = Release|Any CPU
		{7C10FF85-13F8-4CDE-8FC5-1A1DC1DCA836}.AppStore|x86.Build.0 = Release|Any CPU
		{7C10FF85-13F8-4CDE-8FC5-1A1DC1DCA836}.Debug|Any CPU.ActiveCfg = Debug|Any CPU
		{7C10FF85-13F8-4CDE-8FC5-1A1DC1DCA836}.Debug|Any CPU.Build.0 = Debug|Any CPU
		{7C10FF85-13F8-4CDE-8FC5-1A1DC1DCA836}.Debug|ARM.ActiveCfg = Debug|Any CPU
		{7C10FF85-13F8-4CDE-8FC5-1A1DC1DCA836}.Debug|ARM.Build.0 = Debug|Any CPU
		{7C10FF85-13F8-4CDE-8FC5-1A1DC1DCA836}.Debug|iPhone.ActiveCfg = Debug|Any CPU
		{7C10FF85-13F8-4CDE-8FC5-1A1DC1DCA836}.Debug|iPhone.Build.0 = Debug|Any CPU
		{7C10FF85-13F8-4CDE-8FC5-1A1DC1DCA836}.Debug|iPhoneSimulator.ActiveCfg = Debug|Any CPU
		{7C10FF85-13F8-4CDE-8FC5-1A1DC1DCA836}.Debug|iPhoneSimulator.Build.0 = Debug|Any CPU
		{7C10FF85-13F8-4CDE-8FC5-1A1DC1DCA836}.Debug|x64.ActiveCfg = Debug|Any CPU
		{7C10FF85-13F8-4CDE-8FC5-1A1DC1DCA836}.Debug|x64.Build.0 = Debug|Any CPU
		{7C10FF85-13F8-4CDE-8FC5-1A1DC1DCA836}.Debug|x86.ActiveCfg = Debug|Any CPU
		{7C10FF85-13F8-4CDE-8FC5-1A1DC1DCA836}.Debug|x86.Build.0 = Debug|Any CPU
		{7C10FF85-13F8-4CDE-8FC5-1A1DC1DCA836}.Release|Any CPU.ActiveCfg = Release|Any CPU
		{7C10FF85-13F8-4CDE-8FC5-1A1DC1DCA836}.Release|Any CPU.Build.0 = Release|Any CPU
		{7C10FF85-13F8-4CDE-8FC5-1A1DC1DCA836}.Release|ARM.ActiveCfg = Release|Any CPU
		{7C10FF85-13F8-4CDE-8FC5-1A1DC1DCA836}.Release|ARM.Build.0 = Release|Any CPU
		{7C10FF85-13F8-4CDE-8FC5-1A1DC1DCA836}.Release|iPhone.ActiveCfg = Release|Any CPU
		{7C10FF85-13F8-4CDE-8FC5-1A1DC1DCA836}.Release|iPhone.Build.0 = Release|Any CPU
		{7C10FF85-13F8-4CDE-8FC5-1A1DC1DCA836}.Release|iPhoneSimulator.ActiveCfg = Release|Any CPU
		{7C10FF85-13F8-4CDE-8FC5-1A1DC1DCA836}.Release|iPhoneSimulator.Build.0 = Release|Any CPU
		{7C10FF85-13F8-4CDE-8FC5-1A1DC1DCA836}.Release|x64.ActiveCfg = Release|Any CPU
		{7C10FF85-13F8-4CDE-8FC5-1A1DC1DCA836}.Release|x64.Build.0 = Release|Any CPU
		{7C10FF85-13F8-4CDE-8FC5-1A1DC1DCA836}.Release|x86.ActiveCfg = Release|Any CPU
		{7C10FF85-13F8-4CDE-8FC5-1A1DC1DCA836}.Release|x86.Build.0 = Release|Any CPU
		{A1D34353-7AE4-4A6D-B14A-961A15A02F43}.Ad-Hoc|Any CPU.ActiveCfg = Release|Any CPU
		{A1D34353-7AE4-4A6D-B14A-961A15A02F43}.Ad-Hoc|Any CPU.Build.0 = Release|Any CPU
		{A1D34353-7AE4-4A6D-B14A-961A15A02F43}.Ad-Hoc|ARM.ActiveCfg = Release|Any CPU
		{A1D34353-7AE4-4A6D-B14A-961A15A02F43}.Ad-Hoc|ARM.Build.0 = Release|Any CPU
		{A1D34353-7AE4-4A6D-B14A-961A15A02F43}.Ad-Hoc|iPhone.ActiveCfg = Release|Any CPU
		{A1D34353-7AE4-4A6D-B14A-961A15A02F43}.Ad-Hoc|iPhone.Build.0 = Release|Any CPU
		{A1D34353-7AE4-4A6D-B14A-961A15A02F43}.Ad-Hoc|iPhoneSimulator.ActiveCfg = Release|Any CPU
		{A1D34353-7AE4-4A6D-B14A-961A15A02F43}.Ad-Hoc|iPhoneSimulator.Build.0 = Release|Any CPU
		{A1D34353-7AE4-4A6D-B14A-961A15A02F43}.Ad-Hoc|x64.ActiveCfg = Release|Any CPU
		{A1D34353-7AE4-4A6D-B14A-961A15A02F43}.Ad-Hoc|x64.Build.0 = Release|Any CPU
		{A1D34353-7AE4-4A6D-B14A-961A15A02F43}.Ad-Hoc|x86.ActiveCfg = Release|Any CPU
		{A1D34353-7AE4-4A6D-B14A-961A15A02F43}.Ad-Hoc|x86.Build.0 = Release|Any CPU
		{A1D34353-7AE4-4A6D-B14A-961A15A02F43}.AppStore|Any CPU.ActiveCfg = Release|Any CPU
		{A1D34353-7AE4-4A6D-B14A-961A15A02F43}.AppStore|Any CPU.Build.0 = Release|Any CPU
		{A1D34353-7AE4-4A6D-B14A-961A15A02F43}.AppStore|ARM.ActiveCfg = Release|Any CPU
		{A1D34353-7AE4-4A6D-B14A-961A15A02F43}.AppStore|ARM.Build.0 = Release|Any CPU
		{A1D34353-7AE4-4A6D-B14A-961A15A02F43}.AppStore|iPhone.ActiveCfg = Release|Any CPU
		{A1D34353-7AE4-4A6D-B14A-961A15A02F43}.AppStore|iPhone.Build.0 = Release|Any CPU
		{A1D34353-7AE4-4A6D-B14A-961A15A02F43}.AppStore|iPhoneSimulator.ActiveCfg = Release|Any CPU
		{A1D34353-7AE4-4A6D-B14A-961A15A02F43}.AppStore|iPhoneSimulator.Build.0 = Release|Any CPU
		{A1D34353-7AE4-4A6D-B14A-961A15A02F43}.AppStore|x64.ActiveCfg = Release|Any CPU
		{A1D34353-7AE4-4A6D-B14A-961A15A02F43}.AppStore|x64.Build.0 = Release|Any CPU
		{A1D34353-7AE4-4A6D-B14A-961A15A02F43}.AppStore|x86.ActiveCfg = Release|Any CPU
		{A1D34353-7AE4-4A6D-B14A-961A15A02F43}.AppStore|x86.Build.0 = Release|Any CPU
		{A1D34353-7AE4-4A6D-B14A-961A15A02F43}.Debug|Any CPU.ActiveCfg = Debug|Any CPU
		{A1D34353-7AE4-4A6D-B14A-961A15A02F43}.Debug|Any CPU.Build.0 = Debug|Any CPU
		{A1D34353-7AE4-4A6D-B14A-961A15A02F43}.Debug|ARM.ActiveCfg = Debug|Any CPU
		{A1D34353-7AE4-4A6D-B14A-961A15A02F43}.Debug|ARM.Build.0 = Debug|Any CPU
		{A1D34353-7AE4-4A6D-B14A-961A15A02F43}.Debug|iPhone.ActiveCfg = Debug|Any CPU
		{A1D34353-7AE4-4A6D-B14A-961A15A02F43}.Debug|iPhone.Build.0 = Debug|Any CPU
		{A1D34353-7AE4-4A6D-B14A-961A15A02F43}.Debug|iPhoneSimulator.ActiveCfg = Debug|Any CPU
		{A1D34353-7AE4-4A6D-B14A-961A15A02F43}.Debug|iPhoneSimulator.Build.0 = Debug|Any CPU
		{A1D34353-7AE4-4A6D-B14A-961A15A02F43}.Debug|x64.ActiveCfg = Debug|Any CPU
		{A1D34353-7AE4-4A6D-B14A-961A15A02F43}.Debug|x64.Build.0 = Debug|Any CPU
		{A1D34353-7AE4-4A6D-B14A-961A15A02F43}.Debug|x86.ActiveCfg = Debug|Any CPU
		{A1D34353-7AE4-4A6D-B14A-961A15A02F43}.Debug|x86.Build.0 = Debug|Any CPU
		{A1D34353-7AE4-4A6D-B14A-961A15A02F43}.Release|Any CPU.ActiveCfg = Release|Any CPU
		{A1D34353-7AE4-4A6D-B14A-961A15A02F43}.Release|Any CPU.Build.0 = Release|Any CPU
		{A1D34353-7AE4-4A6D-B14A-961A15A02F43}.Release|ARM.ActiveCfg = Release|Any CPU
		{A1D34353-7AE4-4A6D-B14A-961A15A02F43}.Release|ARM.Build.0 = Release|Any CPU
		{A1D34353-7AE4-4A6D-B14A-961A15A02F43}.Release|iPhone.ActiveCfg = Release|Any CPU
		{A1D34353-7AE4-4A6D-B14A-961A15A02F43}.Release|iPhone.Build.0 = Release|Any CPU
		{A1D34353-7AE4-4A6D-B14A-961A15A02F43}.Release|iPhoneSimulator.ActiveCfg = Release|Any CPU
		{A1D34353-7AE4-4A6D-B14A-961A15A02F43}.Release|iPhoneSimulator.Build.0 = Release|Any CPU
		{A1D34353-7AE4-4A6D-B14A-961A15A02F43}.Release|x64.ActiveCfg = Release|Any CPU
		{A1D34353-7AE4-4A6D-B14A-961A15A02F43}.Release|x64.Build.0 = Release|Any CPU
		{A1D34353-7AE4-4A6D-B14A-961A15A02F43}.Release|x86.ActiveCfg = Release|Any CPU
		{A1D34353-7AE4-4A6D-B14A-961A15A02F43}.Release|x86.Build.0 = Release|Any CPU
		{738729FB-9168-478D-BCC2-8A382B3B031D}.Ad-Hoc|Any CPU.ActiveCfg = Release|Any CPU
		{738729FB-9168-478D-BCC2-8A382B3B031D}.Ad-Hoc|Any CPU.Build.0 = Release|Any CPU
		{738729FB-9168-478D-BCC2-8A382B3B031D}.Ad-Hoc|ARM.ActiveCfg = Release|Any CPU
		{738729FB-9168-478D-BCC2-8A382B3B031D}.Ad-Hoc|ARM.Build.0 = Release|Any CPU
		{738729FB-9168-478D-BCC2-8A382B3B031D}.Ad-Hoc|iPhone.ActiveCfg = Release|Any CPU
		{738729FB-9168-478D-BCC2-8A382B3B031D}.Ad-Hoc|iPhone.Build.0 = Release|Any CPU
		{738729FB-9168-478D-BCC2-8A382B3B031D}.Ad-Hoc|iPhoneSimulator.ActiveCfg = Release|Any CPU
		{738729FB-9168-478D-BCC2-8A382B3B031D}.Ad-Hoc|iPhoneSimulator.Build.0 = Release|Any CPU
		{738729FB-9168-478D-BCC2-8A382B3B031D}.Ad-Hoc|x64.ActiveCfg = Release|Any CPU
		{738729FB-9168-478D-BCC2-8A382B3B031D}.Ad-Hoc|x64.Build.0 = Release|Any CPU
		{738729FB-9168-478D-BCC2-8A382B3B031D}.Ad-Hoc|x86.ActiveCfg = Release|Any CPU
		{738729FB-9168-478D-BCC2-8A382B3B031D}.Ad-Hoc|x86.Build.0 = Release|Any CPU
		{738729FB-9168-478D-BCC2-8A382B3B031D}.AppStore|Any CPU.ActiveCfg = Release|Any CPU
		{738729FB-9168-478D-BCC2-8A382B3B031D}.AppStore|Any CPU.Build.0 = Release|Any CPU
		{738729FB-9168-478D-BCC2-8A382B3B031D}.AppStore|ARM.ActiveCfg = Release|Any CPU
		{738729FB-9168-478D-BCC2-8A382B3B031D}.AppStore|ARM.Build.0 = Release|Any CPU
		{738729FB-9168-478D-BCC2-8A382B3B031D}.AppStore|iPhone.ActiveCfg = Release|Any CPU
		{738729FB-9168-478D-BCC2-8A382B3B031D}.AppStore|iPhone.Build.0 = Release|Any CPU
		{738729FB-9168-478D-BCC2-8A382B3B031D}.AppStore|iPhoneSimulator.ActiveCfg = Release|Any CPU
		{738729FB-9168-478D-BCC2-8A382B3B031D}.AppStore|iPhoneSimulator.Build.0 = Release|Any CPU
		{738729FB-9168-478D-BCC2-8A382B3B031D}.AppStore|x64.ActiveCfg = Release|Any CPU
		{738729FB-9168-478D-BCC2-8A382B3B031D}.AppStore|x64.Build.0 = Release|Any CPU
		{738729FB-9168-478D-BCC2-8A382B3B031D}.AppStore|x86.ActiveCfg = Release|Any CPU
		{738729FB-9168-478D-BCC2-8A382B3B031D}.AppStore|x86.Build.0 = Release|Any CPU
		{738729FB-9168-478D-BCC2-8A382B3B031D}.Debug|Any CPU.ActiveCfg = Debug|Any CPU
		{738729FB-9168-478D-BCC2-8A382B3B031D}.Debug|Any CPU.Build.0 = Debug|Any CPU
		{738729FB-9168-478D-BCC2-8A382B3B031D}.Debug|ARM.ActiveCfg = Debug|Any CPU
		{738729FB-9168-478D-BCC2-8A382B3B031D}.Debug|ARM.Build.0 = Debug|Any CPU
		{738729FB-9168-478D-BCC2-8A382B3B031D}.Debug|iPhone.ActiveCfg = Debug|Any CPU
		{738729FB-9168-478D-BCC2-8A382B3B031D}.Debug|iPhone.Build.0 = Debug|Any CPU
		{738729FB-9168-478D-BCC2-8A382B3B031D}.Debug|iPhoneSimulator.ActiveCfg = Debug|Any CPU
		{738729FB-9168-478D-BCC2-8A382B3B031D}.Debug|iPhoneSimulator.Build.0 = Debug|Any CPU
		{738729FB-9168-478D-BCC2-8A382B3B031D}.Debug|x64.ActiveCfg = Debug|Any CPU
		{738729FB-9168-478D-BCC2-8A382B3B031D}.Debug|x64.Build.0 = Debug|Any CPU
		{738729FB-9168-478D-BCC2-8A382B3B031D}.Debug|x86.ActiveCfg = Debug|Any CPU
		{738729FB-9168-478D-BCC2-8A382B3B031D}.Debug|x86.Build.0 = Debug|Any CPU
		{738729FB-9168-478D-BCC2-8A382B3B031D}.Release|Any CPU.ActiveCfg = Release|Any CPU
		{738729FB-9168-478D-BCC2-8A382B3B031D}.Release|Any CPU.Build.0 = Release|Any CPU
		{738729FB-9168-478D-BCC2-8A382B3B031D}.Release|ARM.ActiveCfg = Release|Any CPU
		{738729FB-9168-478D-BCC2-8A382B3B031D}.Release|ARM.Build.0 = Release|Any CPU
		{738729FB-9168-478D-BCC2-8A382B3B031D}.Release|iPhone.ActiveCfg = Release|Any CPU
		{738729FB-9168-478D-BCC2-8A382B3B031D}.Release|iPhone.Build.0 = Release|Any CPU
		{738729FB-9168-478D-BCC2-8A382B3B031D}.Release|iPhoneSimulator.ActiveCfg = Release|Any CPU
		{738729FB-9168-478D-BCC2-8A382B3B031D}.Release|iPhoneSimulator.Build.0 = Release|Any CPU
		{738729FB-9168-478D-BCC2-8A382B3B031D}.Release|x64.ActiveCfg = Release|Any CPU
		{738729FB-9168-478D-BCC2-8A382B3B031D}.Release|x64.Build.0 = Release|Any CPU
		{738729FB-9168-478D-BCC2-8A382B3B031D}.Release|x86.ActiveCfg = Release|Any CPU
		{738729FB-9168-478D-BCC2-8A382B3B031D}.Release|x86.Build.0 = Release|Any CPU
		{C3D90ABA-BF72-46D2-A879-CF7F589919D3}.Ad-Hoc|Any CPU.ActiveCfg = Release|Any CPU
		{C3D90ABA-BF72-46D2-A879-CF7F589919D3}.Ad-Hoc|Any CPU.Build.0 = Release|Any CPU
		{C3D90ABA-BF72-46D2-A879-CF7F589919D3}.Ad-Hoc|ARM.ActiveCfg = Release|Any CPU
		{C3D90ABA-BF72-46D2-A879-CF7F589919D3}.Ad-Hoc|ARM.Build.0 = Release|Any CPU
		{C3D90ABA-BF72-46D2-A879-CF7F589919D3}.Ad-Hoc|iPhone.ActiveCfg = Release|Any CPU
		{C3D90ABA-BF72-46D2-A879-CF7F589919D3}.Ad-Hoc|iPhone.Build.0 = Release|Any CPU
		{C3D90ABA-BF72-46D2-A879-CF7F589919D3}.Ad-Hoc|iPhoneSimulator.ActiveCfg = Release|Any CPU
		{C3D90ABA-BF72-46D2-A879-CF7F589919D3}.Ad-Hoc|iPhoneSimulator.Build.0 = Release|Any CPU
		{C3D90ABA-BF72-46D2-A879-CF7F589919D3}.Ad-Hoc|x64.ActiveCfg = Release|Any CPU
		{C3D90ABA-BF72-46D2-A879-CF7F589919D3}.Ad-Hoc|x64.Build.0 = Release|Any CPU
		{C3D90ABA-BF72-46D2-A879-CF7F589919D3}.Ad-Hoc|x86.ActiveCfg = Release|Any CPU
		{C3D90ABA-BF72-46D2-A879-CF7F589919D3}.Ad-Hoc|x86.Build.0 = Release|Any CPU
		{C3D90ABA-BF72-46D2-A879-CF7F589919D3}.AppStore|Any CPU.ActiveCfg = Release|Any CPU
		{C3D90ABA-BF72-46D2-A879-CF7F589919D3}.AppStore|Any CPU.Build.0 = Release|Any CPU
		{C3D90ABA-BF72-46D2-A879-CF7F589919D3}.AppStore|ARM.ActiveCfg = Release|Any CPU
		{C3D90ABA-BF72-46D2-A879-CF7F589919D3}.AppStore|ARM.Build.0 = Release|Any CPU
		{C3D90ABA-BF72-46D2-A879-CF7F589919D3}.AppStore|iPhone.ActiveCfg = Release|Any CPU
		{C3D90ABA-BF72-46D2-A879-CF7F589919D3}.AppStore|iPhone.Build.0 = Release|Any CPU
		{C3D90ABA-BF72-46D2-A879-CF7F589919D3}.AppStore|iPhoneSimulator.ActiveCfg = Release|Any CPU
		{C3D90ABA-BF72-46D2-A879-CF7F589919D3}.AppStore|iPhoneSimulator.Build.0 = Release|Any CPU
		{C3D90ABA-BF72-46D2-A879-CF7F589919D3}.AppStore|x64.ActiveCfg = Release|Any CPU
		{C3D90ABA-BF72-46D2-A879-CF7F589919D3}.AppStore|x64.Build.0 = Release|Any CPU
		{C3D90ABA-BF72-46D2-A879-CF7F589919D3}.AppStore|x86.ActiveCfg = Release|Any CPU
		{C3D90ABA-BF72-46D2-A879-CF7F589919D3}.AppStore|x86.Build.0 = Release|Any CPU
		{C3D90ABA-BF72-46D2-A879-CF7F589919D3}.Debug|Any CPU.ActiveCfg = Debug|Any CPU
		{C3D90ABA-BF72-46D2-A879-CF7F589919D3}.Debug|Any CPU.Build.0 = Debug|Any CPU
		{C3D90ABA-BF72-46D2-A879-CF7F589919D3}.Debug|ARM.ActiveCfg = Debug|Any CPU
		{C3D90ABA-BF72-46D2-A879-CF7F589919D3}.Debug|ARM.Build.0 = Debug|Any CPU
		{C3D90ABA-BF72-46D2-A879-CF7F589919D3}.Debug|iPhone.ActiveCfg = Debug|Any CPU
		{C3D90ABA-BF72-46D2-A879-CF7F589919D3}.Debug|iPhone.Build.0 = Debug|Any CPU
		{C3D90ABA-BF72-46D2-A879-CF7F589919D3}.Debug|iPhoneSimulator.ActiveCfg = Debug|Any CPU
		{C3D90ABA-BF72-46D2-A879-CF7F589919D3}.Debug|iPhoneSimulator.Build.0 = Debug|Any CPU
		{C3D90ABA-BF72-46D2-A879-CF7F589919D3}.Debug|x64.ActiveCfg = Debug|Any CPU
		{C3D90ABA-BF72-46D2-A879-CF7F589919D3}.Debug|x64.Build.0 = Debug|Any CPU
		{C3D90ABA-BF72-46D2-A879-CF7F589919D3}.Debug|x86.ActiveCfg = Debug|Any CPU
		{C3D90ABA-BF72-46D2-A879-CF7F589919D3}.Debug|x86.Build.0 = Debug|Any CPU
		{C3D90ABA-BF72-46D2-A879-CF7F589919D3}.Release|Any CPU.ActiveCfg = Release|Any CPU
		{C3D90ABA-BF72-46D2-A879-CF7F589919D3}.Release|Any CPU.Build.0 = Release|Any CPU
		{C3D90ABA-BF72-46D2-A879-CF7F589919D3}.Release|ARM.ActiveCfg = Release|Any CPU
		{C3D90ABA-BF72-46D2-A879-CF7F589919D3}.Release|ARM.Build.0 = Release|Any CPU
		{C3D90ABA-BF72-46D2-A879-CF7F589919D3}.Release|iPhone.ActiveCfg = Release|Any CPU
		{C3D90ABA-BF72-46D2-A879-CF7F589919D3}.Release|iPhone.Build.0 = Release|Any CPU
		{C3D90ABA-BF72-46D2-A879-CF7F589919D3}.Release|iPhoneSimulator.ActiveCfg = Release|Any CPU
		{C3D90ABA-BF72-46D2-A879-CF7F589919D3}.Release|iPhoneSimulator.Build.0 = Release|Any CPU
		{C3D90ABA-BF72-46D2-A879-CF7F589919D3}.Release|x64.ActiveCfg = Release|Any CPU
		{C3D90ABA-BF72-46D2-A879-CF7F589919D3}.Release|x64.Build.0 = Release|Any CPU
		{C3D90ABA-BF72-46D2-A879-CF7F589919D3}.Release|x86.ActiveCfg = Release|Any CPU
		{C3D90ABA-BF72-46D2-A879-CF7F589919D3}.Release|x86.Build.0 = Release|Any CPU
		{06C3292E-D987-4D25-AA19-9E90FA39DC3A}.Ad-Hoc|Any CPU.ActiveCfg = Release|Any CPU
		{06C3292E-D987-4D25-AA19-9E90FA39DC3A}.Ad-Hoc|Any CPU.Build.0 = Release|Any CPU
		{06C3292E-D987-4D25-AA19-9E90FA39DC3A}.Ad-Hoc|Any CPU.Deploy.0 = Release|Any CPU
		{06C3292E-D987-4D25-AA19-9E90FA39DC3A}.Ad-Hoc|ARM.ActiveCfg = Release|Any CPU
		{06C3292E-D987-4D25-AA19-9E90FA39DC3A}.Ad-Hoc|ARM.Build.0 = Release|Any CPU
		{06C3292E-D987-4D25-AA19-9E90FA39DC3A}.Ad-Hoc|ARM.Deploy.0 = Release|Any CPU
		{06C3292E-D987-4D25-AA19-9E90FA39DC3A}.Ad-Hoc|iPhone.ActiveCfg = Release|Any CPU
		{06C3292E-D987-4D25-AA19-9E90FA39DC3A}.Ad-Hoc|iPhone.Build.0 = Release|Any CPU
		{06C3292E-D987-4D25-AA19-9E90FA39DC3A}.Ad-Hoc|iPhone.Deploy.0 = Release|Any CPU
		{06C3292E-D987-4D25-AA19-9E90FA39DC3A}.Ad-Hoc|iPhoneSimulator.ActiveCfg = Release|Any CPU
		{06C3292E-D987-4D25-AA19-9E90FA39DC3A}.Ad-Hoc|iPhoneSimulator.Build.0 = Release|Any CPU
		{06C3292E-D987-4D25-AA19-9E90FA39DC3A}.Ad-Hoc|iPhoneSimulator.Deploy.0 = Release|Any CPU
		{06C3292E-D987-4D25-AA19-9E90FA39DC3A}.Ad-Hoc|x64.ActiveCfg = Release|Any CPU
		{06C3292E-D987-4D25-AA19-9E90FA39DC3A}.Ad-Hoc|x64.Build.0 = Release|Any CPU
		{06C3292E-D987-4D25-AA19-9E90FA39DC3A}.Ad-Hoc|x64.Deploy.0 = Release|Any CPU
		{06C3292E-D987-4D25-AA19-9E90FA39DC3A}.Ad-Hoc|x86.ActiveCfg = Release|Any CPU
		{06C3292E-D987-4D25-AA19-9E90FA39DC3A}.Ad-Hoc|x86.Build.0 = Release|Any CPU
		{06C3292E-D987-4D25-AA19-9E90FA39DC3A}.Ad-Hoc|x86.Deploy.0 = Release|Any CPU
		{06C3292E-D987-4D25-AA19-9E90FA39DC3A}.AppStore|Any CPU.ActiveCfg = Release|Any CPU
		{06C3292E-D987-4D25-AA19-9E90FA39DC3A}.AppStore|Any CPU.Build.0 = Release|Any CPU
		{06C3292E-D987-4D25-AA19-9E90FA39DC3A}.AppStore|Any CPU.Deploy.0 = Release|Any CPU
		{06C3292E-D987-4D25-AA19-9E90FA39DC3A}.AppStore|ARM.ActiveCfg = Release|Any CPU
		{06C3292E-D987-4D25-AA19-9E90FA39DC3A}.AppStore|ARM.Build.0 = Release|Any CPU
		{06C3292E-D987-4D25-AA19-9E90FA39DC3A}.AppStore|ARM.Deploy.0 = Release|Any CPU
		{06C3292E-D987-4D25-AA19-9E90FA39DC3A}.AppStore|iPhone.ActiveCfg = Release|Any CPU
		{06C3292E-D987-4D25-AA19-9E90FA39DC3A}.AppStore|iPhone.Build.0 = Release|Any CPU
		{06C3292E-D987-4D25-AA19-9E90FA39DC3A}.AppStore|iPhone.Deploy.0 = Release|Any CPU
		{06C3292E-D987-4D25-AA19-9E90FA39DC3A}.AppStore|iPhoneSimulator.ActiveCfg = Release|Any CPU
		{06C3292E-D987-4D25-AA19-9E90FA39DC3A}.AppStore|iPhoneSimulator.Build.0 = Release|Any CPU
		{06C3292E-D987-4D25-AA19-9E90FA39DC3A}.AppStore|iPhoneSimulator.Deploy.0 = Release|Any CPU
		{06C3292E-D987-4D25-AA19-9E90FA39DC3A}.AppStore|x64.ActiveCfg = Release|Any CPU
		{06C3292E-D987-4D25-AA19-9E90FA39DC3A}.AppStore|x64.Build.0 = Release|Any CPU
		{06C3292E-D987-4D25-AA19-9E90FA39DC3A}.AppStore|x64.Deploy.0 = Release|Any CPU
		{06C3292E-D987-4D25-AA19-9E90FA39DC3A}.AppStore|x86.ActiveCfg = Release|Any CPU
		{06C3292E-D987-4D25-AA19-9E90FA39DC3A}.AppStore|x86.Build.0 = Release|Any CPU
		{06C3292E-D987-4D25-AA19-9E90FA39DC3A}.AppStore|x86.Deploy.0 = Release|Any CPU
		{06C3292E-D987-4D25-AA19-9E90FA39DC3A}.Debug|Any CPU.ActiveCfg = Debug|Any CPU
		{06C3292E-D987-4D25-AA19-9E90FA39DC3A}.Debug|Any CPU.Build.0 = Debug|Any CPU
		{06C3292E-D987-4D25-AA19-9E90FA39DC3A}.Debug|Any CPU.Deploy.0 = Debug|Any CPU
		{06C3292E-D987-4D25-AA19-9E90FA39DC3A}.Debug|ARM.ActiveCfg = Debug|Any CPU
		{06C3292E-D987-4D25-AA19-9E90FA39DC3A}.Debug|ARM.Build.0 = Debug|Any CPU
		{06C3292E-D987-4D25-AA19-9E90FA39DC3A}.Debug|ARM.Deploy.0 = Debug|Any CPU
		{06C3292E-D987-4D25-AA19-9E90FA39DC3A}.Debug|iPhone.ActiveCfg = Debug|Any CPU
		{06C3292E-D987-4D25-AA19-9E90FA39DC3A}.Debug|iPhone.Build.0 = Debug|Any CPU
		{06C3292E-D987-4D25-AA19-9E90FA39DC3A}.Debug|iPhone.Deploy.0 = Debug|Any CPU
		{06C3292E-D987-4D25-AA19-9E90FA39DC3A}.Debug|iPhoneSimulator.ActiveCfg = Debug|Any CPU
		{06C3292E-D987-4D25-AA19-9E90FA39DC3A}.Debug|iPhoneSimulator.Build.0 = Debug|Any CPU
		{06C3292E-D987-4D25-AA19-9E90FA39DC3A}.Debug|iPhoneSimulator.Deploy.0 = Debug|Any CPU
		{06C3292E-D987-4D25-AA19-9E90FA39DC3A}.Debug|x64.ActiveCfg = Debug|Any CPU
		{06C3292E-D987-4D25-AA19-9E90FA39DC3A}.Debug|x64.Build.0 = Debug|Any CPU
		{06C3292E-D987-4D25-AA19-9E90FA39DC3A}.Debug|x64.Deploy.0 = Debug|Any CPU
		{06C3292E-D987-4D25-AA19-9E90FA39DC3A}.Debug|x86.ActiveCfg = Debug|Any CPU
		{06C3292E-D987-4D25-AA19-9E90FA39DC3A}.Debug|x86.Build.0 = Debug|Any CPU
		{06C3292E-D987-4D25-AA19-9E90FA39DC3A}.Debug|x86.Deploy.0 = Debug|Any CPU
		{06C3292E-D987-4D25-AA19-9E90FA39DC3A}.Release|Any CPU.ActiveCfg = Release|Any CPU
		{06C3292E-D987-4D25-AA19-9E90FA39DC3A}.Release|Any CPU.Build.0 = Release|Any CPU
		{06C3292E-D987-4D25-AA19-9E90FA39DC3A}.Release|Any CPU.Deploy.0 = Release|Any CPU
		{06C3292E-D987-4D25-AA19-9E90FA39DC3A}.Release|ARM.ActiveCfg = Release|Any CPU
		{06C3292E-D987-4D25-AA19-9E90FA39DC3A}.Release|ARM.Build.0 = Release|Any CPU
		{06C3292E-D987-4D25-AA19-9E90FA39DC3A}.Release|ARM.Deploy.0 = Release|Any CPU
		{06C3292E-D987-4D25-AA19-9E90FA39DC3A}.Release|iPhone.ActiveCfg = Release|Any CPU
		{06C3292E-D987-4D25-AA19-9E90FA39DC3A}.Release|iPhone.Build.0 = Release|Any CPU
		{06C3292E-D987-4D25-AA19-9E90FA39DC3A}.Release|iPhone.Deploy.0 = Release|Any CPU
		{06C3292E-D987-4D25-AA19-9E90FA39DC3A}.Release|iPhoneSimulator.ActiveCfg = Release|Any CPU
		{06C3292E-D987-4D25-AA19-9E90FA39DC3A}.Release|iPhoneSimulator.Build.0 = Release|Any CPU
		{06C3292E-D987-4D25-AA19-9E90FA39DC3A}.Release|iPhoneSimulator.Deploy.0 = Release|Any CPU
		{06C3292E-D987-4D25-AA19-9E90FA39DC3A}.Release|x64.ActiveCfg = Release|Any CPU
		{06C3292E-D987-4D25-AA19-9E90FA39DC3A}.Release|x64.Build.0 = Release|Any CPU
		{06C3292E-D987-4D25-AA19-9E90FA39DC3A}.Release|x64.Deploy.0 = Release|Any CPU
		{06C3292E-D987-4D25-AA19-9E90FA39DC3A}.Release|x86.ActiveCfg = Release|Any CPU
		{06C3292E-D987-4D25-AA19-9E90FA39DC3A}.Release|x86.Build.0 = Release|Any CPU
		{06C3292E-D987-4D25-AA19-9E90FA39DC3A}.Release|x86.Deploy.0 = Release|Any CPU
		{EF9B1799-66C2-4243-867A-BE0A7491147E}.Ad-Hoc|Any CPU.ActiveCfg = Release|Any CPU
		{EF9B1799-66C2-4243-867A-BE0A7491147E}.Ad-Hoc|Any CPU.Build.0 = Release|Any CPU
		{EF9B1799-66C2-4243-867A-BE0A7491147E}.Ad-Hoc|Any CPU.Deploy.0 = Release|Any CPU
		{EF9B1799-66C2-4243-867A-BE0A7491147E}.Ad-Hoc|ARM.ActiveCfg = Release|Any CPU
		{EF9B1799-66C2-4243-867A-BE0A7491147E}.Ad-Hoc|ARM.Build.0 = Release|Any CPU
		{EF9B1799-66C2-4243-867A-BE0A7491147E}.Ad-Hoc|ARM.Deploy.0 = Release|Any CPU
		{EF9B1799-66C2-4243-867A-BE0A7491147E}.Ad-Hoc|iPhone.ActiveCfg = Release|Any CPU
		{EF9B1799-66C2-4243-867A-BE0A7491147E}.Ad-Hoc|iPhone.Build.0 = Release|Any CPU
		{EF9B1799-66C2-4243-867A-BE0A7491147E}.Ad-Hoc|iPhone.Deploy.0 = Release|Any CPU
		{EF9B1799-66C2-4243-867A-BE0A7491147E}.Ad-Hoc|iPhoneSimulator.ActiveCfg = Release|Any CPU
		{EF9B1799-66C2-4243-867A-BE0A7491147E}.Ad-Hoc|iPhoneSimulator.Build.0 = Release|Any CPU
		{EF9B1799-66C2-4243-867A-BE0A7491147E}.Ad-Hoc|iPhoneSimulator.Deploy.0 = Release|Any CPU
		{EF9B1799-66C2-4243-867A-BE0A7491147E}.Ad-Hoc|x64.ActiveCfg = Release|Any CPU
		{EF9B1799-66C2-4243-867A-BE0A7491147E}.Ad-Hoc|x64.Build.0 = Release|Any CPU
		{EF9B1799-66C2-4243-867A-BE0A7491147E}.Ad-Hoc|x64.Deploy.0 = Release|Any CPU
		{EF9B1799-66C2-4243-867A-BE0A7491147E}.Ad-Hoc|x86.ActiveCfg = Release|Any CPU
		{EF9B1799-66C2-4243-867A-BE0A7491147E}.Ad-Hoc|x86.Build.0 = Release|Any CPU
		{EF9B1799-66C2-4243-867A-BE0A7491147E}.Ad-Hoc|x86.Deploy.0 = Release|Any CPU
		{EF9B1799-66C2-4243-867A-BE0A7491147E}.AppStore|Any CPU.ActiveCfg = Release|Any CPU
		{EF9B1799-66C2-4243-867A-BE0A7491147E}.AppStore|Any CPU.Build.0 = Release|Any CPU
		{EF9B1799-66C2-4243-867A-BE0A7491147E}.AppStore|Any CPU.Deploy.0 = Release|Any CPU
		{EF9B1799-66C2-4243-867A-BE0A7491147E}.AppStore|ARM.ActiveCfg = Release|Any CPU
		{EF9B1799-66C2-4243-867A-BE0A7491147E}.AppStore|ARM.Build.0 = Release|Any CPU
		{EF9B1799-66C2-4243-867A-BE0A7491147E}.AppStore|ARM.Deploy.0 = Release|Any CPU
		{EF9B1799-66C2-4243-867A-BE0A7491147E}.AppStore|iPhone.ActiveCfg = Release|Any CPU
		{EF9B1799-66C2-4243-867A-BE0A7491147E}.AppStore|iPhone.Build.0 = Release|Any CPU
		{EF9B1799-66C2-4243-867A-BE0A7491147E}.AppStore|iPhone.Deploy.0 = Release|Any CPU
		{EF9B1799-66C2-4243-867A-BE0A7491147E}.AppStore|iPhoneSimulator.ActiveCfg = Release|Any CPU
		{EF9B1799-66C2-4243-867A-BE0A7491147E}.AppStore|iPhoneSimulator.Build.0 = Release|Any CPU
		{EF9B1799-66C2-4243-867A-BE0A7491147E}.AppStore|iPhoneSimulator.Deploy.0 = Release|Any CPU
		{EF9B1799-66C2-4243-867A-BE0A7491147E}.AppStore|x64.ActiveCfg = Release|Any CPU
		{EF9B1799-66C2-4243-867A-BE0A7491147E}.AppStore|x64.Build.0 = Release|Any CPU
		{EF9B1799-66C2-4243-867A-BE0A7491147E}.AppStore|x64.Deploy.0 = Release|Any CPU
		{EF9B1799-66C2-4243-867A-BE0A7491147E}.AppStore|x86.ActiveCfg = Release|Any CPU
		{EF9B1799-66C2-4243-867A-BE0A7491147E}.AppStore|x86.Build.0 = Release|Any CPU
		{EF9B1799-66C2-4243-867A-BE0A7491147E}.AppStore|x86.Deploy.0 = Release|Any CPU
		{EF9B1799-66C2-4243-867A-BE0A7491147E}.Debug|Any CPU.ActiveCfg = Debug|Any CPU
		{EF9B1799-66C2-4243-867A-BE0A7491147E}.Debug|Any CPU.Build.0 = Debug|Any CPU
		{EF9B1799-66C2-4243-867A-BE0A7491147E}.Debug|Any CPU.Deploy.0 = Debug|Any CPU
		{EF9B1799-66C2-4243-867A-BE0A7491147E}.Debug|ARM.ActiveCfg = Debug|Any CPU
		{EF9B1799-66C2-4243-867A-BE0A7491147E}.Debug|ARM.Build.0 = Debug|Any CPU
		{EF9B1799-66C2-4243-867A-BE0A7491147E}.Debug|ARM.Deploy.0 = Debug|Any CPU
		{EF9B1799-66C2-4243-867A-BE0A7491147E}.Debug|iPhone.ActiveCfg = Debug|Any CPU
		{EF9B1799-66C2-4243-867A-BE0A7491147E}.Debug|iPhone.Build.0 = Debug|Any CPU
		{EF9B1799-66C2-4243-867A-BE0A7491147E}.Debug|iPhone.Deploy.0 = Debug|Any CPU
		{EF9B1799-66C2-4243-867A-BE0A7491147E}.Debug|iPhoneSimulator.ActiveCfg = Debug|Any CPU
		{EF9B1799-66C2-4243-867A-BE0A7491147E}.Debug|iPhoneSimulator.Build.0 = Debug|Any CPU
		{EF9B1799-66C2-4243-867A-BE0A7491147E}.Debug|iPhoneSimulator.Deploy.0 = Debug|Any CPU
		{EF9B1799-66C2-4243-867A-BE0A7491147E}.Debug|x64.ActiveCfg = Debug|Any CPU
		{EF9B1799-66C2-4243-867A-BE0A7491147E}.Debug|x64.Build.0 = Debug|Any CPU
		{EF9B1799-66C2-4243-867A-BE0A7491147E}.Debug|x64.Deploy.0 = Debug|Any CPU
		{EF9B1799-66C2-4243-867A-BE0A7491147E}.Debug|x86.ActiveCfg = Debug|Any CPU
		{EF9B1799-66C2-4243-867A-BE0A7491147E}.Debug|x86.Build.0 = Debug|Any CPU
		{EF9B1799-66C2-4243-867A-BE0A7491147E}.Debug|x86.Deploy.0 = Debug|Any CPU
		{EF9B1799-66C2-4243-867A-BE0A7491147E}.Release|Any CPU.ActiveCfg = Release|Any CPU
		{EF9B1799-66C2-4243-867A-BE0A7491147E}.Release|Any CPU.Build.0 = Release|Any CPU
		{EF9B1799-66C2-4243-867A-BE0A7491147E}.Release|Any CPU.Deploy.0 = Release|Any CPU
		{EF9B1799-66C2-4243-867A-BE0A7491147E}.Release|ARM.ActiveCfg = Release|Any CPU
		{EF9B1799-66C2-4243-867A-BE0A7491147E}.Release|ARM.Build.0 = Release|Any CPU
		{EF9B1799-66C2-4243-867A-BE0A7491147E}.Release|ARM.Deploy.0 = Release|Any CPU
		{EF9B1799-66C2-4243-867A-BE0A7491147E}.Release|iPhone.ActiveCfg = Release|Any CPU
		{EF9B1799-66C2-4243-867A-BE0A7491147E}.Release|iPhone.Build.0 = Release|Any CPU
		{EF9B1799-66C2-4243-867A-BE0A7491147E}.Release|iPhone.Deploy.0 = Release|Any CPU
		{EF9B1799-66C2-4243-867A-BE0A7491147E}.Release|iPhoneSimulator.ActiveCfg = Release|Any CPU
		{EF9B1799-66C2-4243-867A-BE0A7491147E}.Release|iPhoneSimulator.Build.0 = Release|Any CPU
		{EF9B1799-66C2-4243-867A-BE0A7491147E}.Release|iPhoneSimulator.Deploy.0 = Release|Any CPU
		{EF9B1799-66C2-4243-867A-BE0A7491147E}.Release|x64.ActiveCfg = Release|Any CPU
		{EF9B1799-66C2-4243-867A-BE0A7491147E}.Release|x64.Build.0 = Release|Any CPU
		{EF9B1799-66C2-4243-867A-BE0A7491147E}.Release|x64.Deploy.0 = Release|Any CPU
		{EF9B1799-66C2-4243-867A-BE0A7491147E}.Release|x86.ActiveCfg = Release|Any CPU
		{EF9B1799-66C2-4243-867A-BE0A7491147E}.Release|x86.Build.0 = Release|Any CPU
		{EF9B1799-66C2-4243-867A-BE0A7491147E}.Release|x86.Deploy.0 = Release|Any CPU
	EndGlobalSection
	GlobalSection(SolutionProperties) = preSolution
		HideSolutionNode = FALSE
	EndGlobalSection
	GlobalSection(NestedProjects) = preSolution
		{B5D6A077-3D35-46D2-AA8D-4B18D4151ED7} = {E3A51740-C1AE-4355-B4FA-61535D1D5019}
		{7C10FF85-13F8-4CDE-8FC5-1A1DC1DCA836} = {E3A51740-C1AE-4355-B4FA-61535D1D5019}
		{A1D34353-7AE4-4A6D-B14A-961A15A02F43} = {E3A51740-C1AE-4355-B4FA-61535D1D5019}
		{738729FB-9168-478D-BCC2-8A382B3B031D} = {E3A51740-C1AE-4355-B4FA-61535D1D5019}
		{60EDDF23-3603-4382-8FD7-23868C173468} = {8323021A-422C-45E5-85C2-405E73FA335B}
		{CEC2EC87-2B37-448F-AF20-016D4CFCBCFB} = {8323021A-422C-45E5-85C2-405E73FA335B}
		{4D08C07A-27EE-47A3-805A-670FB8B70706} = {CEC2EC87-2B37-448F-AF20-016D4CFCBCFB}
		{06C3292E-D987-4D25-AA19-9E90FA39DC3A} = {CEC2EC87-2B37-448F-AF20-016D4CFCBCFB}
		{4D08C07A-27EE-47A3-805A-670FB8B70708} = {60EDDF23-3603-4382-8FD7-23868C173468}
		{EF9B1799-66C2-4243-867A-BE0A7491147E} = {60EDDF23-3603-4382-8FD7-23868C173468}
	EndGlobalSection
	GlobalSection(ExtensibilityGlobals) = postSolution
		SolutionGuid = {EA0066B1-F77D-4788-B7D2-C3F76616CBB6}
	EndGlobalSection
EndGlobal
