
Microsoft Visual Studio Solution File, Format Version 12.00
# Visual Studio 15
VisualStudioVersion = 15.0.26730.12
MinimumVisualStudioVersion = 10.0.40219.1
Project("{9A19103F-16F7-4668-BE54-9A1E7A4F7556}") = "SampleClient", "SampleClient\SampleClient.csproj", "{3A59858E-233D-4DEC-9990-D05E6B033B69}"
EndProject
Project("{2150E333-8FDC-42A3-9474-1A3956D46DE8}") = "SDK", "SDK", "{4D3C358F-B661-4CAA-80CD-C7BB096B7C6C}"
EndProject
Project("{9A19103F-16F7-4668-BE54-9A1E7A4F7556}") = "Opc.Ua.Core", "..\..\..\..\git\UA-.NETStandardLibrary\Stack\Opc.Ua.Core\Opc.Ua.Core.csproj", "{E14E1825-F85E-426F-A6F9-6674A20C999E}"
EndProject
Project("{9A19103F-16F7-4668-BE54-9A1E7A4F7556}") = "Opc.Ua.Client", "..\..\..\..\git\UA-.NETStandardLibrary\SampleApplications\SDK\Opc.Ua.Client\Opc.Ua.Client.csproj", "{1ACA1524-9E9F-4324-8E4C-46455F52AFF3}"
EndProject
Project("{9A19103F-16F7-4668-BE54-9A1E7A4F7556}") = "Opc.Ua.Configuration", "..\..\..\..\git\UA-.NETStandardLibrary\SampleApplications\SDK\Opc.Ua.Configuration\Opc.Ua.Configuration.csproj", "{BA2CFE5B-9B33-42EE-A2EC-6415F7AE24F7}"
EndProject
Project("{9A19103F-16F7-4668-BE54-9A1E7A4F7556}") = "Softing.Opc.Ua.SimpleClientAPI", "..\..\..\Api\Softing.Opc.Ua.SimpleClientAPI.csproj", "{1EEACC4F-1F9A-4EFE-BFB4-E42989CC34DA}"
EndProject
Global
	GlobalSection(SolutionConfigurationPlatforms) = preSolution
		Debug|Any CPU = Debug|Any CPU
		Release|Any CPU = Release|Any CPU
	EndGlobalSection
	GlobalSection(ProjectConfigurationPlatforms) = postSolution
		{3A59858E-233D-4DEC-9990-D05E6B033B69}.Debug|Any CPU.ActiveCfg = Debug|Any CPU
		{3A59858E-233D-4DEC-9990-D05E6B033B69}.Debug|Any CPU.Build.0 = Debug|Any CPU
		{3A59858E-233D-4DEC-9990-D05E6B033B69}.Release|Any CPU.ActiveCfg = Release|Any CPU
		{3A59858E-233D-4DEC-9990-D05E6B033B69}.Release|Any CPU.Build.0 = Release|Any CPU
		{E14E1825-F85E-426F-A6F9-6674A20C999E}.Debug|Any CPU.ActiveCfg = Debug|Any CPU
		{E14E1825-F85E-426F-A6F9-6674A20C999E}.Debug|Any CPU.Build.0 = Debug|Any CPU
		{E14E1825-F85E-426F-A6F9-6674A20C999E}.Release|Any CPU.ActiveCfg = Release|Any CPU
		{E14E1825-F85E-426F-A6F9-6674A20C999E}.Release|Any CPU.Build.0 = Release|Any CPU
		{1ACA1524-9E9F-4324-8E4C-46455F52AFF3}.Debug|Any CPU.ActiveCfg = Debug|Any CPU
		{1ACA1524-9E9F-4324-8E4C-46455F52AFF3}.Debug|Any CPU.Build.0 = Debug|Any CPU
		{1ACA1524-9E9F-4324-8E4C-46455F52AFF3}.Release|Any CPU.ActiveCfg = Release|Any CPU
		{1ACA1524-9E9F-4324-8E4C-46455F52AFF3}.Release|Any CPU.Build.0 = Release|Any CPU
		{BA2CFE5B-9B33-42EE-A2EC-6415F7AE24F7}.Debug|Any CPU.ActiveCfg = Debug|Any CPU
		{BA2CFE5B-9B33-42EE-A2EC-6415F7AE24F7}.Debug|Any CPU.Build.0 = Debug|Any CPU
		{BA2CFE5B-9B33-42EE-A2EC-6415F7AE24F7}.Release|Any CPU.ActiveCfg = Release|Any CPU
		{BA2CFE5B-9B33-42EE-A2EC-6415F7AE24F7}.Release|Any CPU.Build.0 = Release|Any CPU
		{1EEACC4F-1F9A-4EFE-BFB4-E42989CC34DA}.Debug|Any CPU.ActiveCfg = Debug|Any CPU
		{1EEACC4F-1F9A-4EFE-BFB4-E42989CC34DA}.Debug|Any CPU.Build.0 = Debug|Any CPU
		{1EEACC4F-1F9A-4EFE-BFB4-E42989CC34DA}.Release|Any CPU.ActiveCfg = Release|Any CPU
		{1EEACC4F-1F9A-4EFE-BFB4-E42989CC34DA}.Release|Any CPU.Build.0 = Release|Any CPU
	EndGlobalSection
	GlobalSection(SolutionProperties) = preSolution
		HideSolutionNode = FALSE
	EndGlobalSection
	GlobalSection(NestedProjects) = preSolution
		{E14E1825-F85E-426F-A6F9-6674A20C999E} = {4D3C358F-B661-4CAA-80CD-C7BB096B7C6C}
		{1ACA1524-9E9F-4324-8E4C-46455F52AFF3} = {4D3C358F-B661-4CAA-80CD-C7BB096B7C6C}
		{BA2CFE5B-9B33-42EE-A2EC-6415F7AE24F7} = {4D3C358F-B661-4CAA-80CD-C7BB096B7C6C}
		{1EEACC4F-1F9A-4EFE-BFB4-E42989CC34DA} = {4D3C358F-B661-4CAA-80CD-C7BB096B7C6C}
	EndGlobalSection
	GlobalSection(ExtensibilityGlobals) = postSolution
		SolutionGuid = {EE1A21EE-18AC-4F8E-A738-88124FAA8016}
	EndGlobalSection
EndGlobal
