
Microsoft Visual Studio Solution File, Format Version 12.00
# Visual Studio 15
VisualStudioVersion = 15.0.26730.12
MinimumVisualStudioVersion = 10.0.40219.1
Project("{FAE04EC0-301F-11D3-BF4B-00C04F79EFBC}") = "SampleServer", "SampleServer\SampleServer.csproj", "{CF47F148-BEF9-48D3-94DF-0527BA2F1C9D}"
EndProject
Project("{2150E333-8FDC-42A3-9474-1A3956D46DE8}") = "SDK", "SDK", "{63FBE5F1-F551-41DA-82D5-225C3D7C8AF0}"
EndProject
Project("{9A19103F-16F7-4668-BE54-9A1E7A4F7556}") = "Opc.Ua.Server", "..\..\..\..\git\UA-.NETStandardLibrary\SampleApplications\SDK\Opc.Ua.Server\Opc.Ua.Server.csproj", "{E0BD4281-2943-45A9-B9EB-7BF4F446C459}"
EndProject
Project("{9A19103F-16F7-4668-BE54-9A1E7A4F7556}") = "Opc.Ua.Configuration", "..\..\..\..\git\UA-.NETStandardLibrary\SampleApplications\SDK\Opc.Ua.Configuration\Opc.Ua.Configuration.csproj", "{8E28AE5D-75CB-4B5F-A7A6-5EBEA618A198}"
EndProject
Project("{9A19103F-16F7-4668-BE54-9A1E7A4F7556}") = "Opc.Ua.Core", "..\..\..\..\git\UA-.NETStandardLibrary\Stack\Opc.Ua.Core\Opc.Ua.Core.csproj", "{46C184AD-3EE4-41A7-91DE-7E4009B4126F}"
EndProject
Global
	GlobalSection(SolutionConfigurationPlatforms) = preSolution
		Debug|Any CPU = Debug|Any CPU
		Release|Any CPU = Release|Any CPU
	EndGlobalSection
	GlobalSection(ProjectConfigurationPlatforms) = postSolution
		{CF47F148-BEF9-48D3-94DF-0527BA2F1C9D}.Debug|Any CPU.ActiveCfg = Debug|Any CPU
		{CF47F148-BEF9-48D3-94DF-0527BA2F1C9D}.Debug|Any CPU.Build.0 = Debug|Any CPU
		{CF47F148-BEF9-48D3-94DF-0527BA2F1C9D}.Release|Any CPU.ActiveCfg = Release|Any CPU
		{CF47F148-BEF9-48D3-94DF-0527BA2F1C9D}.Release|Any CPU.Build.0 = Release|Any CPU
		{E0BD4281-2943-45A9-B9EB-7BF4F446C459}.Debug|Any CPU.ActiveCfg = Debug|Any CPU
		{E0BD4281-2943-45A9-B9EB-7BF4F446C459}.Debug|Any CPU.Build.0 = Debug|Any CPU
		{E0BD4281-2943-45A9-B9EB-7BF4F446C459}.Release|Any CPU.ActiveCfg = Release|Any CPU
		{E0BD4281-2943-45A9-B9EB-7BF4F446C459}.Release|Any CPU.Build.0 = Release|Any CPU
		{8E28AE5D-75CB-4B5F-A7A6-5EBEA618A198}.Debug|Any CPU.ActiveCfg = Debug|Any CPU
		{8E28AE5D-75CB-4B5F-A7A6-5EBEA618A198}.Debug|Any CPU.Build.0 = Debug|Any CPU
		{8E28AE5D-75CB-4B5F-A7A6-5EBEA618A198}.Release|Any CPU.ActiveCfg = Release|Any CPU
		{8E28AE5D-75CB-4B5F-A7A6-5EBEA618A198}.Release|Any CPU.Build.0 = Release|Any CPU
		{46C184AD-3EE4-41A7-91DE-7E4009B4126F}.Debug|Any CPU.ActiveCfg = Debug|Any CPU
		{46C184AD-3EE4-41A7-91DE-7E4009B4126F}.Debug|Any CPU.Build.0 = Debug|Any CPU
		{46C184AD-3EE4-41A7-91DE-7E4009B4126F}.Release|Any CPU.ActiveCfg = Release|Any CPU
		{46C184AD-3EE4-41A7-91DE-7E4009B4126F}.Release|Any CPU.Build.0 = Release|Any CPU
	EndGlobalSection
	GlobalSection(SolutionProperties) = preSolution
		HideSolutionNode = FALSE
	EndGlobalSection
	GlobalSection(NestedProjects) = preSolution
		{E0BD4281-2943-45A9-B9EB-7BF4F446C459} = {63FBE5F1-F551-41DA-82D5-225C3D7C8AF0}
		{8E28AE5D-75CB-4B5F-A7A6-5EBEA618A198} = {63FBE5F1-F551-41DA-82D5-225C3D7C8AF0}
		{46C184AD-3EE4-41A7-91DE-7E4009B4126F} = {63FBE5F1-F551-41DA-82D5-225C3D7C8AF0}
	EndGlobalSection
	GlobalSection(ExtensibilityGlobals) = postSolution
		SolutionGuid = {358B873A-0995-40C5-80C4-B924704278E1}
	EndGlobalSection
EndGlobal
